
Microsoft Visual Studio Solution File, Format Version 12.00
# Visual Studio Version 17
VisualStudioVersion = 17.8.34330.188
MinimumVisualStudioVersion = 10.0.40219.1
Project("{2150E333-8FDC-42A3-9474-1A3956D46DE8}") = "Solution Items", "Solution Items", "{C4210937-8930-4F4F-844F-966804219ED2}"
	ProjectSection(SolutionItems) = preProject
		fastJSON.Desktop.vsmdi = fastJSON.Desktop.vsmdi
		Local.testsettings = Local.testsettings
		TraceAndTestImpact.testsettings = TraceAndTestImpact.testsettings
	EndProjectSection
EndProject
Project("{FAE04EC0-301F-11D3-BF4B-00C04F79EFBC}") = "Apolyton.FastJson", "Apolyton.FastJson\Apolyton.FastJson.csproj", "{A1265491-7E30-4196-9842-4A7944C18F0D}"
EndProject
Project("{FAE04EC0-301F-11D3-BF4B-00C04F79EFBC}") = "Apolyton.FastJson.Tests", "Apolyton.FastJson.Tests\Apolyton.FastJson.Tests.csproj", "{85B3F98D-21A3-47AA-8AAB-55E8DB72F32F}"
EndProject
Project("{FAE04EC0-301F-11D3-BF4B-00C04F79EFBC}") = "Apolyton.FastJson.BenchmarkConsole", "Console Test\Apolyton.FastJson.BenchmarkConsole.csproj", "{6BADD8B3-618E-412A-BBCA-8420EFD5B62E}"
EndProject
Global
	GlobalSection(SolutionConfigurationPlatforms) = preSolution
		Debug|Any CPU = Debug|Any CPU
		Debug|x86 = Debug|x86
		Release (Auto, Custom Types)|Any CPU = Release (Auto, Custom Types)|Any CPU
		Release (Auto, Custom Types)|x86 = Release (Auto, Custom Types)|x86
		Release (x64, Custom Types)|Any CPU = Release (x64, Custom Types)|Any CPU
		Release (x64, Custom Types)|x86 = Release (x64, Custom Types)|x86
		Release (x86, Custom Types)|Any CPU = Release (x86, Custom Types)|Any CPU
		Release (x86, Custom Types)|x86 = Release (x86, Custom Types)|x86
		Release|Any CPU = Release|Any CPU
		Release|x86 = Release|x86
	EndGlobalSection
	GlobalSection(ProjectConfigurationPlatforms) = postSolution
		{A1265491-7E30-4196-9842-4A7944C18F0D}.Debug|Any CPU.ActiveCfg = Debug|Any CPU
		{A1265491-7E30-4196-9842-4A7944C18F0D}.Debug|Any CPU.Build.0 = Debug|Any CPU
		{A1265491-7E30-4196-9842-4A7944C18F0D}.Debug|x86.ActiveCfg = Debug|Any CPU
		{A1265491-7E30-4196-9842-4A7944C18F0D}.Release (Auto, Custom Types)|Any CPU.ActiveCfg = Release|Any CPU
		{A1265491-7E30-4196-9842-4A7944C18F0D}.Release (Auto, Custom Types)|Any CPU.Build.0 = Release|Any CPU
		{A1265491-7E30-4196-9842-4A7944C18F0D}.Release (Auto, Custom Types)|x86.ActiveCfg = Release|Any CPU
		{A1265491-7E30-4196-9842-4A7944C18F0D}.Release (x64, Custom Types)|Any CPU.ActiveCfg = Release x64|Any CPU
		{A1265491-7E30-4196-9842-4A7944C18F0D}.Release (x64, Custom Types)|Any CPU.Build.0 = Release x64|Any CPU
		{A1265491-7E30-4196-9842-4A7944C18F0D}.Release (x64, Custom Types)|x86.ActiveCfg = Release|Any CPU
		{A1265491-7E30-4196-9842-4A7944C18F0D}.Release (x86, Custom Types)|Any CPU.ActiveCfg = Release x86|Any CPU
		{A1265491-7E30-4196-9842-4A7944C18F0D}.Release (x86, Custom Types)|Any CPU.Build.0 = Release x86|Any CPU
		{A1265491-7E30-4196-9842-4A7944C18F0D}.Release (x86, Custom Types)|x86.ActiveCfg = Release x86|Any CPU
		{A1265491-7E30-4196-9842-4A7944C18F0D}.Release|Any CPU.ActiveCfg = Release|Any CPU
		{A1265491-7E30-4196-9842-4A7944C18F0D}.Release|Any CPU.Build.0 = Release|Any CPU
		{A1265491-7E30-4196-9842-4A7944C18F0D}.Release|x86.ActiveCfg = Release|Any CPU
		{85B3F98D-21A3-47AA-8AAB-55E8DB72F32F}.Debug|Any CPU.ActiveCfg = Debug|Any CPU
		{85B3F98D-21A3-47AA-8AAB-55E8DB72F32F}.Debug|Any CPU.Build.0 = Debug|Any CPU
		{85B3F98D-21A3-47AA-8AAB-55E8DB72F32F}.Debug|x86.ActiveCfg = Debug|Any CPU
		{85B3F98D-21A3-47AA-8AAB-55E8DB72F32F}.Release (Auto, Custom Types)|Any CPU.ActiveCfg = Release|Any CPU
		{85B3F98D-21A3-47AA-8AAB-55E8DB72F32F}.Release (Auto, Custom Types)|Any CPU.Build.0 = Release|Any CPU
		{85B3F98D-21A3-47AA-8AAB-55E8DB72F32F}.Release (Auto, Custom Types)|x86.ActiveCfg = Release|Any CPU
		{85B3F98D-21A3-47AA-8AAB-55E8DB72F32F}.Release (x64, Custom Types)|Any CPU.ActiveCfg = Release|Any CPU
		{85B3F98D-21A3-47AA-8AAB-55E8DB72F32F}.Release (x64, Custom Types)|x86.ActiveCfg = Release|Any CPU
		{85B3F98D-21A3-47AA-8AAB-55E8DB72F32F}.Release (x86, Custom Types)|Any CPU.ActiveCfg = Release|Any CPU
		{85B3F98D-21A3-47AA-8AAB-55E8DB72F32F}.Release (x86, Custom Types)|x86.ActiveCfg = Release|Any CPU
		{85B3F98D-21A3-47AA-8AAB-55E8DB72F32F}.Release|Any CPU.ActiveCfg = Release|Any CPU
		{85B3F98D-21A3-47AA-8AAB-55E8DB72F32F}.Release|Any CPU.Build.0 = Release|Any CPU
		{85B3F98D-21A3-47AA-8AAB-55E8DB72F32F}.Release|x86.ActiveCfg = Release|Any CPU
		{6BADD8B3-618E-412A-BBCA-8420EFD5B62E}.Debug|Any CPU.ActiveCfg = Debug|Any CPU
		{6BADD8B3-618E-412A-BBCA-8420EFD5B62E}.Debug|Any CPU.Build.0 = Debug|Any CPU
		{6BADD8B3-618E-412A-BBCA-8420EFD5B62E}.Debug|x86.ActiveCfg = Debug|x86
		{6BADD8B3-618E-412A-BBCA-8420EFD5B62E}.Debug|x86.Build.0 = Debug|x86
		{6BADD8B3-618E-412A-BBCA-8420EFD5B62E}.Release (Auto, Custom Types)|Any CPU.ActiveCfg = Release|Any CPU
		{6BADD8B3-618E-412A-BBCA-8420EFD5B62E}.Release (Auto, Custom Types)|Any CPU.Build.0 = Release|Any CPU
		{6BADD8B3-618E-412A-BBCA-8420EFD5B62E}.Release (Auto, Custom Types)|x86.ActiveCfg = Release|Any CPU
		{6BADD8B3-618E-412A-BBCA-8420EFD5B62E}.Release (x64, Custom Types)|Any CPU.ActiveCfg = Release x64|Any CPU
		{6BADD8B3-618E-412A-BBCA-8420EFD5B62E}.Release (x64, Custom Types)|Any CPU.Build.0 = Release x64|Any CPU
		{6BADD8B3-618E-412A-BBCA-8420EFD5B62E}.Release (x64, Custom Types)|x86.ActiveCfg = Release|Any CPU
		{6BADD8B3-618E-412A-BBCA-8420EFD5B62E}.Release (x86, Custom Types)|Any CPU.ActiveCfg = Release x86|Any CPU
		{6BADD8B3-618E-412A-BBCA-8420EFD5B62E}.Release (x86, Custom Types)|Any CPU.Build.0 = Release x86|Any CPU
		{6BADD8B3-618E-412A-BBCA-8420EFD5B62E}.Release (x86, Custom Types)|x86.ActiveCfg = Release x86|Any CPU
		{6BADD8B3-618E-412A-BBCA-8420EFD5B62E}.Release|Any CPU.ActiveCfg = Release|Any CPU
		{6BADD8B3-618E-412A-BBCA-8420EFD5B62E}.Release|Any CPU.Build.0 = Release|Any CPU
		{6BADD8B3-618E-412A-BBCA-8420EFD5B62E}.Release|x86.ActiveCfg = Release|x86
		{6BADD8B3-618E-412A-BBCA-8420EFD5B62E}.Release|x86.Build.0 = Release|x86
	EndGlobalSection
	GlobalSection(SolutionProperties) = preSolution
		HideSolutionNode = FALSE
	EndGlobalSection
	GlobalSection(TestCaseManagementSettings) = postSolution
		CategoryFile = fastJSON.Desktop.vsmdi
	EndGlobalSection
EndGlobal
